
Microsoft Visual Studio Solution File, Format Version 12.00
# Visual Studio Version 16
VisualStudioVersion = 16.0.30011.22
MinimumVisualStudioVersion = 10.0.40219.1
Project("{FAE04EC0-301F-11D3-BF4B-00C04F79EFBC}") = "FoodDeliveryAppByManuel.Android", "FoodDeliveryAppByManuel.Android\FoodDeliveryAppByManuel.Android.csproj", "{68B35F74-D0A7-47CF-BEA3-16D9A10FC07F}"
EndProject
Project("{FAE04EC0-301F-11D3-BF4B-00C04F79EFBC}") = "FoodDeliveryAppByManuel.iOS", "FoodDeliveryAppByManuel.iOS\FoodDeliveryAppByManuel.iOS.csproj", "{D2B6B074-5897-41C3-9457-51774906A91D}"
EndProject
Project("{FAE04EC0-301F-11D3-BF4B-00C04F79EFBC}") = "FoodDeliveryAppByManuel", "FoodDeliveryAppByManuel\FoodDeliveryAppByManuel.csproj", "{B44AAD25-D62C-44DC-AA6D-612E0B04FB80}"
EndProject
Global
	GlobalSection(SolutionConfigurationPlatforms) = preSolution
		Debug|Any CPU = Debug|Any CPU
		Debug|iPhone = Debug|iPhone
		Debug|iPhoneSimulator = Debug|iPhoneSimulator
		Release|Any CPU = Release|Any CPU
		Release|iPhone = Release|iPhone
		Release|iPhoneSimulator = Release|iPhoneSimulator
	EndGlobalSection
	GlobalSection(ProjectConfigurationPlatforms) = postSolution
		{68B35F74-D0A7-47CF-BEA3-16D9A10FC07F}.Debug|Any CPU.ActiveCfg = Debug|Any CPU
		{68B35F74-D0A7-47CF-BEA3-16D9A10FC07F}.Debug|Any CPU.Build.0 = Debug|Any CPU
		{68B35F74-D0A7-47CF-BEA3-16D9A10FC07F}.Debug|Any CPU.Deploy.0 = Debug|Any CPU
		{68B35F74-D0A7-47CF-BEA3-16D9A10FC07F}.Debug|iPhone.ActiveCfg = Debug|Any CPU
		{68B35F74-D0A7-47CF-BEA3-16D9A10FC07F}.Debug|iPhone.Build.0 = Debug|Any CPU
		{68B35F74-D0A7-47CF-BEA3-16D9A10FC07F}.Debug|iPhone.Deploy.0 = Debug|Any CPU
		{68B35F74-D0A7-47CF-BEA3-16D9A10FC07F}.Debug|iPhoneSimulator.ActiveCfg = Debug|Any CPU
		{68B35F74-D0A7-47CF-BEA3-16D9A10FC07F}.Debug|iPhoneSimulator.Build.0 = Debug|Any CPU
		{68B35F74-D0A7-47CF-BEA3-16D9A10FC07F}.Debug|iPhoneSimulator.Deploy.0 = Debug|Any CPU
		{68B35F74-D0A7-47CF-BEA3-16D9A10FC07F}.Release|Any CPU.ActiveCfg = Release|Any CPU
		{68B35F74-D0A7-47CF-BEA3-16D9A10FC07F}.Release|Any CPU.Build.0 = Release|Any CPU
		{68B35F74-D0A7-47CF-BEA3-16D9A10FC07F}.Release|Any CPU.Deploy.0 = Release|Any CPU
		{68B35F74-D0A7-47CF-BEA3-16D9A10FC07F}.Release|iPhone.ActiveCfg = Release|Any CPU
		{68B35F74-D0A7-47CF-BEA3-16D9A10FC07F}.Release|iPhone.Build.0 = Release|Any CPU
		{68B35F74-D0A7-47CF-BEA3-16D9A10FC07F}.Release|iPhone.Deploy.0 = Release|Any CPU
		{68B35F74-D0A7-47CF-BEA3-16D9A10FC07F}.Release|iPhoneSimulator.ActiveCfg = Release|Any CPU
		{68B35F74-D0A7-47CF-BEA3-16D9A10FC07F}.Release|iPhoneSimulator.Build.0 = Release|Any CPU
		{68B35F74-D0A7-47CF-BEA3-16D9A10FC07F}.Release|iPhoneSimulator.Deploy.0 = Release|Any CPU
		{D2B6B074-5897-41C3-9457-51774906A91D}.Debug|Any CPU.ActiveCfg = Debug|iPhone
		{D2B6B074-5897-41C3-9457-51774906A91D}.Debug|Any CPU.Build.0 = Debug|iPhone
		{D2B6B074-5897-41C3-9457-51774906A91D}.Debug|Any CPU.Deploy.0 = Debug|iPhone
		{D2B6B074-5897-41C3-9457-51774906A91D}.Debug|iPhone.ActiveCfg = Debug|iPhone
		{D2B6B074-5897-41C3-9457-51774906A91D}.Debug|iPhone.Build.0 = Debug|iPhone
		{D2B6B074-5897-41C3-9457-51774906A91D}.Debug|iPhone.Deploy.0 = Debug|iPhone
		{D2B6B074-5897-41C3-9457-51774906A91D}.Debug|iPhoneSimulator.ActiveCfg = Debug|iPhoneSimulator
		{D2B6B074-5897-41C3-9457-51774906A91D}.Debug|iPhoneSimulator.Build.0 = Debug|iPhoneSimulator
		{D2B6B074-5897-41C3-9457-51774906A91D}.Debug|iPhoneSimulator.Deploy.0 = Debug|iPhoneSimulator
		{D2B6B074-5897-41C3-9457-51774906A91D}.Release|Any CPU.ActiveCfg = Release|iPhone
		{D2B6B074-5897-41C3-9457-51774906A91D}.Release|Any CPU.Build.0 = Release|iPhone
		{D2B6B074-5897-41C3-9457-51774906A91D}.Release|Any CPU.Deploy.0 = Release|iPhone
		{D2B6B074-5897-41C3-9457-51774906A91D}.Release|iPhone.ActiveCfg = Release|iPhone
		{D2B6B074-5897-41C3-9457-51774906A91D}.Release|iPhone.Build.0 = Release|iPhone
		{D2B6B074-5897-41C3-9457-51774906A91D}.Release|iPhone.Deploy.0 = Release|iPhone
		{D2B6B074-5897-41C3-9457-51774906A91D}.Release|iPhoneSimulator.ActiveCfg = Release|iPhoneSimulator
		{D2B6B074-5897-41C3-9457-51774906A91D}.Release|iPhoneSimulator.Build.0 = Release|iPhoneSimulator
		{D2B6B074-5897-41C3-9457-51774906A91D}.Release|iPhoneSimulator.Deploy.0 = Release|iPhoneSimulator
		{B44AAD25-D62C-44DC-AA6D-612E0B04FB80}.Debug|Any CPU.ActiveCfg = Debug|Any CPU
		{B44AAD25-D62C-44DC-AA6D-612E0B04FB80}.Debug|Any CPU.Build.0 = Debug|Any CPU
		{B44AAD25-D62C-44DC-AA6D-612E0B04FB80}.Debug|Any CPU.Deploy.0 = Debug|Any CPU
		{B44AAD25-D62C-44DC-AA6D-612E0B04FB80}.Debug|iPhone.ActiveCfg = Debug|Any CPU
		{B44AAD25-D62C-44DC-AA6D-612E0B04FB80}.Debug|iPhone.Build.0 = Debug|Any CPU
		{B44AAD25-D62C-44DC-AA6D-612E0B04FB80}.Debug|iPhone.Deploy.0 = Debug|Any CPU
		{B44AAD25-D62C-44DC-AA6D-612E0B04FB80}.Debug|iPhoneSimulator.ActiveCfg = Debug|Any CPU
		{B44AAD25-D62C-44DC-AA6D-612E0B04FB80}.Debug|iPhoneSimulator.Build.0 = Debug|Any CPU
		{B44AAD25-D62C-44DC-AA6D-612E0B04FB80}.Debug|iPhoneSimulator.Deploy.0 = Debug|Any CPU
		{B44AAD25-D62C-44DC-AA6D-612E0B04FB80}.Release|Any CPU.ActiveCfg = Release|Any CPU
		{B44AAD25-D62C-44DC-AA6D-612E0B04FB80}.Release|Any CPU.Build.0 = Release|Any CPU
		{B44AAD25-D62C-44DC-AA6D-612E0B04FB80}.Release|Any CPU.Deploy.0 = Release|Any CPU
		{B44AAD25-D62C-44DC-AA6D-612E0B04FB80}.Release|iPhone.ActiveCfg = Release|Any CPU
		{B44AAD25-D62C-44DC-AA6D-612E0B04FB80}.Release|iPhone.Build.0 = Release|Any CPU
		{B44AAD25-D62C-44DC-AA6D-612E0B04FB80}.Release|iPhone.Deploy.0 = Release|Any CPU
		{B44AAD25-D62C-44DC-AA6D-612E0B04FB80}.Release|iPhoneSimulator.ActiveCfg = Release|Any CPU
		{B44AAD25-D62C-44DC-AA6D-612E0B04FB80}.Release|iPhoneSimulator.Build.0 = Release|Any CPU
		{B44AAD25-D62C-44DC-AA6D-612E0B04FB80}.Release|iPhoneSimulator.Deploy.0 = Release|Any CPU
	EndGlobalSection
	GlobalSection(SolutionProperties) = preSolution
		HideSolutionNode = FALSE
	EndGlobalSection
	GlobalSection(ExtensibilityGlobals) = postSolution
		SolutionGuid = {CBF3942F-210B-4F8C-87C2-82EF3BF58C81}
	EndGlobalSection
EndGlobal
